# THIS IS AN AUTOGENERATED FILE. DO NOT EDIT THIS FILE DIRECTLY.
# yarn lockfile v1


"@supersoccer/dwarfs@^1.0.0":
  version "1.0.0"
  resolved "https://registry.yarnpkg.com/@supersoccer/dwarfs/-/dwarfs-1.0.0.tgz#a7bdb56711839eb55448bfa5f4e17b064dee0b29"
  dependencies:
    "@supersoccer/path" "^1.0.1"
    config "^1.30.0"
    lodash "^4.17.10"
    mysql "^2.16.0"

"@supersoccer/heimdallr@^1.0.0":
  version "1.0.0"
  resolved "https://registry.yarnpkg.com/@supersoccer/heimdallr/-/heimdallr-1.0.0.tgz#0aaaa1a27ee32d0e65b898da490e73f571366879"

"@supersoccer/mystique@^1.0.0":
  version "1.0.0"
  resolved "https://registry.yarnpkg.com/@supersoccer/mystique/-/mystique-1.0.0.tgz#941163aaf7bf3be41aec028528ab215bd244a80b"
  dependencies:
    "@supersoccer/template" "^1.0.0"

"@supersoccer/path@^1.0.1":
  version "1.0.1"
  resolved "https://registry.yarnpkg.com/@supersoccer/path/-/path-1.0.1.tgz#55378f4c3f017c6f54030a5893d25cd40beb4a7d"

"@supersoccer/template@^1.0.0":
  version "1.0.0"
  resolved "https://registry.yarnpkg.com/@supersoccer/template/-/template-1.0.0.tgz#8633de3b038c408727449469bdc7d023d8ab978f"
  dependencies:
    "@supersoccer/path" "^1.0.1"

"@supersoccer/tools@^1.0.0":
  version "1.0.0"
  resolved "https://registry.yarnpkg.com/@supersoccer/tools/-/tools-1.0.0.tgz#4161c4ac960caba8d40c5df883347c0e8600e1e5"
  dependencies:
    config "^1.30.0"
    lodash "^4.17.10"
    moment "^2.22.2"
    querystring "^0.2.0"

"@supersoccer/yggdrasil@^1.0.0":
  version "1.0.0"
  resolved "https://registry.yarnpkg.com/@supersoccer/yggdrasil/-/yggdrasil-1.0.0.tgz#8ef878906f9296bf6bfcbb1ea2cf39c7f06c7e9a"
  dependencies:
    config "^1.30.0"
    lodash "^4.17.10"
    redis "^2.8.0"

bignumber.js@4.1.0:
  version "4.1.0"
  resolved "https://registry.yarnpkg.com/bignumber.js/-/bignumber.js-4.1.0.tgz#db6f14067c140bd46624815a7916c92d9b6c24b1"

config@^1.30.0:
  version "1.30.0"
  resolved "https://registry.yarnpkg.com/config/-/config-1.30.0.tgz#1d60a9f35348a13c175798d384e81a5a16c3ba6e"
  dependencies:
    json5 "0.4.0"
    os-homedir "1.0.2"

core-util-is@~1.0.0:
  version "1.0.2"
  resolved "https://registry.yarnpkg.com/core-util-is/-/core-util-is-1.0.2.tgz#b5fd54220aa2bc5ab57aab7140c940754503c1a7"

double-ended-queue@^2.1.0-0:
  version "2.1.0-0"
  resolved "https://registry.yarnpkg.com/double-ended-queue/-/double-ended-queue-2.1.0-0.tgz#103d3527fd31528f40188130c841efdd78264e5c"

inherits@~2.0.3:
  version "2.0.3"
  resolved "https://registry.yarnpkg.com/inherits/-/inherits-2.0.3.tgz#633c2c83e3da42a502f52466022480f4208261de"

isarray@~1.0.0:
  version "1.0.0"
  resolved "https://registry.yarnpkg.com/isarray/-/isarray-1.0.0.tgz#bb935d48582cba168c06834957a54a3e07124f11"

json5@0.4.0:
  version "0.4.0"
  resolved "https://registry.yarnpkg.com/json5/-/json5-0.4.0.tgz#054352e4c4c80c86c0923877d449de176a732c8d"

lodash@^4.17.10:
  version "4.17.10"
  resolved "https://registry.yarnpkg.com/lodash/-/lodash-4.17.10.tgz#1b7793cf7259ea38fb3661d4d38b3260af8ae4e7"

moment@^2.22.2:
  version "2.22.2"
  resolved "https://registry.yarnpkg.com/moment/-/moment-2.22.2.tgz#3c257f9839fc0e93ff53149632239eb90783ff66"

mysql@^2.16.0:
  version "2.16.0"
  resolved "https://registry.yarnpkg.com/mysql/-/mysql-2.16.0.tgz#b23b22ab5de44fc2d5d32bd4f5af6653fc45e2ba"
  dependencies:
    bignumber.js "4.1.0"
    readable-stream "2.3.6"
    safe-buffer "5.1.2"
    sqlstring "2.3.1"

os-homedir@1.0.2:
  version "1.0.2"
  resolved "https://registry.yarnpkg.com/os-homedir/-/os-homedir-1.0.2.tgz#ffbc4988336e0e833de0c168c7ef152121aa7fb3"

process-nextick-args@~2.0.0:
  version "2.0.0"
  resolved "https://registry.yarnpkg.com/process-nextick-args/-/process-nextick-args-2.0.0.tgz#a37d732f4271b4ab1ad070d35508e8290788ffaa"

querystring@^0.2.0:
  version "0.2.0"
  resolved "https://registry.yarnpkg.com/querystring/-/querystring-0.2.0.tgz#b209849203bb25df820da756e747005878521620"

readable-stream@2.3.6:
  version "2.3.6"
  resolved "https://registry.yarnpkg.com/readable-stream/-/readable-stream-2.3.6.tgz#b11c27d88b8ff1fbe070643cf94b0c79ae1b0aaf"
  dependencies:
    core-util-is "~1.0.0"
    inherits "~2.0.3"
    isarray "~1.0.0"
    process-nextick-args "~2.0.0"
    safe-buffer "~5.1.1"
    string_decoder "~1.1.1"
    util-deprecate "~1.0.1"

redis-commands@^1.2.0:
  version "1.3.5"
  resolved "https://registry.yarnpkg.com/redis-commands/-/redis-commands-1.3.5.tgz#4495889414f1e886261180b1442e7295602d83a2"

redis-parser@^2.6.0:
  version "2.6.0"
  resolved "https://registry.yarnpkg.com/redis-parser/-/redis-parser-2.6.0.tgz#52ed09dacac108f1a631c07e9b69941e7a19504b"

redis@^2.8.0:
  version "2.8.0"
  resolved "https://registry.yarnpkg.com/redis/-/redis-2.8.0.tgz#202288e3f58c49f6079d97af7a10e1303ae14b02"
  dependencies:
    double-ended-queue "^2.1.0-0"
    redis-commands "^1.2.0"
    redis-parser "^2.6.0"

safe-buffer@5.1.2, safe-buffer@~5.1.0, safe-buffer@~5.1.1:
  version "5.1.2"
  resolved "https://registry.yarnpkg.com/safe-buffer/-/safe-buffer-5.1.2.tgz#991ec69d296e0313747d59bdfd2b745c35f8828d"

sqlstring@2.3.1:
  version "2.3.1"
  resolved "https://registry.yarnpkg.com/sqlstring/-/sqlstring-2.3.1.tgz#475393ff9e91479aea62dcaf0ca3d14983a7fb40"

string_decoder@~1.1.1:
  version "1.1.1"
  resolved "https://registry.yarnpkg.com/string_decoder/-/string_decoder-1.1.1.tgz#9cf1611ba62685d7030ae9e4ba34149c3af03fc8"
  dependencies:
    safe-buffer "~5.1.0"

util-deprecate@~1.0.1:
  version "1.0.2"
  resolved "https://registry.yarnpkg.com/util-deprecate/-/util-deprecate-1.0.2.tgz#450d4dc9fa70de732762fbd2d4a28981419a0ccf"
